
Microsoft Visual Studio Solution File, Format Version 12.00
# Visual Studio Version 16
VisualStudioVersion = 16.0.31424.327
MinimumVisualStudioVersion = 10.0.40219.1
Project("{888888A0-9F3D-457C-B088-3A5042F75D52}") = "vnc_wrap", "vnc_wrap\vnc_wrap.pyproj", "{4FA76074-DE14-4169-9452-862E0FD3B819}"
EndProject
Project("{8BC9CEB8-8B4A-11D0-8D11-00A0C91BC942}") = "vnc_module", "vnc_module\vnc_module.vcxproj", "{2193E244-66D4-414A-8BE6-2019FF59CE76}"
EndProject
Global
	GlobalSection(SolutionConfigurationPlatforms) = preSolution
		Debug|Any CPU = Debug|Any CPU
		Debug|x64 = Debug|x64
		Debug|x86 = Debug|x86
		Release|Any CPU = Release|Any CPU
		Release|x64 = Release|x64
		Release|x86 = Release|x86
	EndGlobalSection
	GlobalSection(ProjectConfigurationPlatforms) = postSolution
		{4FA76074-DE14-4169-9452-862E0FD3B819}.Debug|Any CPU.ActiveCfg = Debug|Any CPU
		{4FA76074-DE14-4169-9452-862E0FD3B819}.Debug|x64.ActiveCfg = Debug|Any CPU
		{4FA76074-DE14-4169-9452-862E0FD3B819}.Debug|x86.ActiveCfg = Debug|Any CPU
		{4FA76074-DE14-4169-9452-862E0FD3B819}.Release|Any CPU.ActiveCfg = Release|Any CPU
		{4FA76074-DE14-4169-9452-862E0FD3B819}.Release|x64.ActiveCfg = Release|Any CPU
		{4FA76074-DE14-4169-9452-862E0FD3B819}.Release|x86.ActiveCfg = Release|Any CPU
		{2193E244-66D4-414A-8BE6-2019FF59CE76}.Debug|Any CPU.ActiveCfg = Debug|Win32
		{2193E244-66D4-414A-8BE6-2019FF59CE76}.Debug|x64.ActiveCfg = Debug|x64
		{2193E244-66D4-414A-8BE6-2019FF59CE76}.Debug|x64.Build.0 = Debug|x64
		{2193E244-66D4-414A-8BE6-2019FF59CE76}.Debug|x86.ActiveCfg = Debug|Win32
		{2193E244-66D4-414A-8BE6-2019FF59CE76}.Debug|x86.Build.0 = Debug|Win32
		{2193E244-66D4-414A-8BE6-2019FF59CE76}.Release|Any CPU.ActiveCfg = Release|Win32
		{2193E244-66D4-414A-8BE6-2019FF59CE76}.Release|x64.ActiveCfg = Release|x64
		{2193E244-66D4-414A-8BE6-2019FF59CE76}.Release|x64.Build.0 = Release|x64
		{2193E244-66D4-414A-8BE6-2019FF59CE76}.Release|x86.ActiveCfg = Release|Win32
		{2193E244-66D4-414A-8BE6-2019FF59CE76}.Release|x86.Build.0 = Release|Win32
	EndGlobalSection
	GlobalSection(SolutionProperties) = preSolution
		HideSolutionNode = FALSE
	EndGlobalSection
	GlobalSection(ExtensibilityGlobals) = postSolution
		SolutionGuid = {93DAC22B-FC20-48AF-86FD-38E635FBA2F3}
	EndGlobalSection
EndGlobal
